{
  "lockfileVersion": 2,
  "configVersion": 1,
  "workspaces": {
    "": {
      "name": "pathprobe",
      "dependencies": {
        "fast-glob": "latest",
        "globby": "latest",
        "p-limit": "latest",
      },
      "devDependencies": {
        "@types/node": "latest",
        "oxfmt": "latest",
        "oxlint": "latest",
        "tinybench": "latest",
        "tsdown": "latest",
        "typescript": "next",
      },
    },
  },
  "packages": {
    "@nodelib/fs.scandir": ["@nodelib/fs.scandir@2.1.5", "", { "dependencies": { "@nodelib/fs.stat": "2.0.5", "run-parallel": "^1.1.9" } }, "sha512-vq24Bq3ym5HEQm2NKCr3yXDwjc7vTsEThRDnkp2DK9p1uqLR+DHurm/NOTo0KG7HYHU7eppKZj3MyqYuMBf62g=="],

    "@nodelib/fs.stat": ["@nodelib/fs.stat@2.0.5", "", {}, "sha512-RkhPPp2zrqDAQA/2jNhnztcPAlv64XdhIp7a7454A5ovI7Bukxgt7MX7udwAu3zg1DcpPU0rz3VV1SeaqvY4+A=="],

    "@nodelib/fs.walk": ["@nodelib/fs.walk@1.2.8", "", { "dependencies": { "@nodelib/fs.scandir": "2.1.5", "fastq": "^1.6.0" } }, "sha512-oGB+UxlgWcgQkgwo8GcEGwemoTFt3FIO9ababBmaGwXIoBKZ+GTy0pP185beGg7Llih/NSHSV2XAs1lnznocSg=="],

    "@oxc-project/types": ["@oxc-project/types@0.143.0", "", {}, "sha512-u6JZdLBTLotrNC9Vd6vPssINdzcCzleKAH6EJKImQb7GtYvX5keN2dxkoK44stCc4tffE6QQRtZTXVSzsLUlWA=="],

    "@oxfmt/binding-android-arm-eabi": ["@oxfmt/binding-android-arm-eabi@0.62.0", "", { "os": "android", "cpu": "arm" }, "sha512-pdsv0C4gPjJ8H1+sd8u0BDx+yLACTL+rgeMIOL1ln4ihSnhw8CWXtYWgvcSkyTfgGBIzFKab+d8rx9Xl4en/Kw=="],

    "@oxfmt/binding-android-arm64": ["@oxfmt/binding-android-arm64@0.62.0", "", { "os": "android", "cpu": "arm64" }, "sha512-WC3YQ7uS/KtDrjmqwBviwFKe9qeoi+eXx8aX1z/ffG23Md75myjrJaQqTuJvdOLPoa4EYTjDWH0dHXfwulCVog=="],

    "@oxfmt/binding-darwin-arm64": ["@oxfmt/binding-darwin-arm64@0.62.0", "", { "os": "darwin", "cpu": "arm64" }, "sha512-GM8Yf3LjjaR1I8PD0SfeoIlwhsh9GvSF+cQ8sf624Yxnjsyumn95aFzYfKJVefblfDIiOAnZ7QVm2sa21Er/0Q=="],

    "@oxfmt/binding-darwin-x64": ["@oxfmt/binding-darwin-x64@0.62.0", "", { "os": "darwin", "cpu": "x64" }, "sha512-d5THp7F8bCxLqNogEXDORRsQD6dosf3EyFtnXfBer6v+8tGdcWIjoDX9WaXrrF/26zOmL8qHpPTKCEvpBDmZkQ=="],

    "@oxfmt/binding-freebsd-x64": ["@oxfmt/binding-freebsd-x64@0.62.0", "", { "os": "freebsd", "cpu": "x64" }, "sha512-1DnrtXGZooOZ0fHgAXZUaDQzBVh1CM2MNW4oBXyQ2aWKvCHjyljvT9fgBkOM0fEOb96X5eqtcfJ0YUVt9jj66g=="],

    "@oxfmt/binding-linux-arm-gnueabihf": ["@oxfmt/binding-linux-arm-gnueabihf@0.62.0", "", { "os": "linux", "cpu": "arm" }, "sha512-4pQDHOYRH+Huqe0StIaWyvk2CVl/aTaqSrbZpA3/pLS2xH24ME7lBgYprhQF2fRkHBzhGGGKliwxFsDdHwx59g=="],

    "@oxfmt/binding-linux-arm-musleabihf": ["@oxfmt/binding-linux-arm-musleabihf@0.62.0", "", { "os": "linux", "cpu": "arm" }, "sha512-X0jAaZJFMCVKhB6YyWVTQ/wN2DLsBcZKSMqTS76bF6riT+XZdtg2FPEdjDvdVbunO9cG+tWiVaEs4Zs38lxYog=="],

    "@oxfmt/binding-linux-arm64-gnu": ["@oxfmt/binding-linux-arm64-gnu@0.62.0", "", { "os": "linux", "cpu": "arm64" }, "sha512-682Z8T5s8T5ATArYtsejKvbIfd8LEAXyyDkKkoZVq8HND7Vx8TYLlrDjDSeYfodMeVwHOgkj13lJYR8cj6vUSg=="],

    "@oxfmt/binding-linux-arm64-musl": ["@oxfmt/binding-linux-arm64-musl@0.62.0", "", { "os": "linux", "cpu": "arm64" }, "sha512-lk25fAl7KWaLWVJcW0CHEXB7QlQZtx5eDkjpaGMK0hzXTjUe0Wmlu8IKuFHoviSOcEJedRTs4VE/506VqGxGew=="],

    "@oxfmt/binding-linux-ppc64-gnu": ["@oxfmt/binding-linux-ppc64-gnu@0.62.0", "", { "os": "linux", "cpu": "ppc64" }, "sha512-SFyNqHQLwySceWNLhiSldx7wPXRAzP0L0WcW9GegP3uWrpZGJiZlQO85NbHAFPEfxR9PhZ9qSnZryEh7+v+4Gw=="],

    "@oxfmt/binding-linux-riscv64-gnu": ["@oxfmt/binding-linux-riscv64-gnu@0.62.0", "", { "os": "linux", "cpu": "none" }, "sha512-KYj55C1ywJfHo6+aKDuEmUtVEdJALsC5GwayDGsI6FGz2GxFqNr/mA8nxVsNbJzm7sE5MRqTQ9ziImSzhYXysA=="],

    "@oxfmt/binding-linux-riscv64-musl": ["@oxfmt/binding-linux-riscv64-musl@0.62.0", "", { "os": "linux", "cpu": "none" }, "sha512-BhZDNo5GOU5nC378RhD0/XpvaEBHsH3HLgJp8YZX3A0InC7oivzA63HsRmiXFLtLSHAstEVrDf6fbC7Rs8Jh/A=="],

    "@oxfmt/binding-linux-s390x-gnu": ["@oxfmt/binding-linux-s390x-gnu@0.62.0", "", { "os": "linux", "cpu": "s390x" }, "sha512-UyAFmyHkgSgUJ/wOM4p3U8AC2yAFvRH5PNBs7TnK0fObTT/XSWcdr/lAzPSWaekHaZFaMeFZyk9n93Joq3J93A=="],

    "@oxfmt/binding-linux-x64-gnu": ["@oxfmt/binding-linux-x64-gnu@0.62.0", "", { "os": "linux", "cpu": "x64" }, "sha512-1iYMP0leytWazFubD/WnINJuIrzRPuoL1aWEJdlGezEzDbTxcd29R4r8IUzP2oWeKst5V02uMJgR2NILlPlG6w=="],

    "@oxfmt/binding-linux-x64-musl": ["@oxfmt/binding-linux-x64-musl@0.62.0", "", { "os": "linux", "cpu": "x64" }, "sha512-4rA/URtJSTVNVAQz6Q8wf7SaRvOXVy+TizriT9hs/Y1XhLR/R+92uWKRQG8yFWRAIEBbFHJ6WevQcl/G9SXEfw=="],

    "@oxfmt/binding-openharmony-arm64": ["@oxfmt/binding-openharmony-arm64@0.62.0", "", { "os": "none", "cpu": "arm64" }, "sha512-mSZuFHU2ar1KLUjXpI2QBQcJ1VsOB3mOCgQXuXCpKs19dgh4u+OaovNfrWDfiJb+ihJ2+f7YFcaO9bS2dlTCXA=="],

    "@oxfmt/binding-win32-arm64-msvc": ["@oxfmt/binding-win32-arm64-msvc@0.62.0", "", { "os": "win32", "cpu": "arm64" }, "sha512-OfwuhkcjDlqC4EgDojtiV9mzpLqeB9KqTOWPOjLEYBVdDCVSxqW3qzp/xcIxsbtI0UgGCnKvAqYKyY25kf5JZw=="],

    "@oxfmt/binding-win32-ia32-msvc": ["@oxfmt/binding-win32-ia32-msvc@0.62.0", "", { "os": "win32", "cpu": "ia32" }, "sha512-P9uDDNFRzghO3X8QAzhkjKhK7JvtABsVn8UYtFX7uor12IAnwNt8nNIctvfWj1JkQU/kE+fmLRPiw7XlrIHsZw=="],

    "@oxfmt/binding-win32-x64-msvc": ["@oxfmt/binding-win32-x64-msvc@0.62.0", "", { "os": "win32", "cpu": "x64" }, "sha512-dlI5SY7XYQCiCBafntWagCR6HcAJB/NpsLtdlPx8x08+Osz8Ok1HHz1GZuusegCe/VoJ6pAnF5a4pd5OZAq7qQ=="],

    "@oxlint/binding-android-arm-eabi": ["@oxlint/binding-android-arm-eabi@1.77.0", "", { "os": "android", "cpu": "arm" }, "sha512-E06sKWS6PiI6HRxS1wyQg22HvApt01hI7fV+T3wUk3OSbaaP4a3hYGY/MIQDmASqCiRjBdpRQYkgMkqH82cWmQ=="],

    "@oxlint/binding-android-arm64": ["@oxlint/binding-android-arm64@1.77.0", "", { "os": "android", "cpu": "arm64" }, "sha512-NvsKz0KZxTp9cYWPLf+FXaSZwB3oO3peAjtukpOMBgse2vhQSoIIVqeO1yR0lEo/UcdZIDL18uq+kL0LzQ0ytA=="],

    "@oxlint/binding-darwin-arm64": ["@oxlint/binding-darwin-arm64@1.77.0", "", { "os": "darwin", "cpu": "arm64" }, "sha512-bgjTn6nW4bQCFBvSvuHCpDD+sONvmpo4lGI4PxzMt1quBA+xYxhczk6RiCn3GZ9gY8uhaBbwhj9MdKGfu6T9DA=="],

    "@oxlint/binding-darwin-x64": ["@oxlint/binding-darwin-x64@1.77.0", "", { "os": "darwin", "cpu": "x64" }, "sha512-aotaIttH1R6j1Rwhx0M0htgeZyGtVQqYNTVEYMN/UcgHPquGA6kmk9OyuDc3a2GKUQBC+3C3GVQCcrRPMYqAFA=="],

    "@oxlint/binding-freebsd-x64": ["@oxlint/binding-freebsd-x64@1.77.0", "", { "os": "freebsd", "cpu": "x64" }, "sha512-nNx/wta7ksRAdYvq+l4AWjXkLxEXHALhENxjj2cYbQAIR4ybaA5L+hCbE63HOmft5czQ6ks+hb8vmEAnn7YGPg=="],

    "@oxlint/binding-linux-arm-gnueabihf": ["@oxlint/binding-linux-arm-gnueabihf@1.77.0", "", { "os": "linux", "cpu": "arm" }, "sha512-tMLLjM7xXtzXisVCzkOTXNCy9bZVId2wteNwjohlFDR/jY6WagpEDA1c1wu4xRc20Hojaxj+V6DSR7gbKxijWA=="],

    "@oxlint/binding-linux-arm-musleabihf": ["@oxlint/binding-linux-arm-musleabihf@1.77.0", "", { "os": "linux", "cpu": "arm" }, "sha512-MiAFDFaqR0tmHTAyo0YDcZ5hyLREdYw/RQhc2R3cbT+8O3tB+zqPM2th9TTQ+Uo3jn/embS+DO+HyX9ztCPkOQ=="],

    "@oxlint/binding-linux-arm64-gnu": ["@oxlint/binding-linux-arm64-gnu@1.77.0", "", { "os": "linux", "cpu": "arm64" }, "sha512-/xqQ3B16i1T4cyt/9Mn+4CpzhUXoBXp7kVpIwzOXNFLj5JmK1bIjsbSnX296Gg8A/o7oDtKWikFgBx0SLwztkw=="],

    "@oxlint/binding-linux-arm64-musl": ["@oxlint/binding-linux-arm64-musl@1.77.0", "", { "os": "linux", "cpu": "arm64" }, "sha512-LSbwuRKiNCenPDcbARqAZ5RfBy7gmj7vOvfJRLeCDU3gFtSxWbhv/+VTlaUqzUhNj1gFLHB8h7ALnxa/Az6z6g=="],

    "@oxlint/binding-linux-ppc64-gnu": ["@oxlint/binding-linux-ppc64-gnu@1.77.0", "", { "os": "linux", "cpu": "ppc64" }, "sha512-QWdcH31mXEUe5Nq1s0CfCpceaKjIo9uZtwDjAuL681g1axf+5x8xrg/eXWaw//4NCxYZ4V4e5Hu5tvdR+pTBlg=="],

    "@oxlint/binding-linux-riscv64-gnu": ["@oxlint/binding-linux-riscv64-gnu@1.77.0", "", { "os": "linux", "cpu": "none" }, "sha512-GnOfYgJxbcElOiPZaDFDl406ONddwvOWk2jvAAAEjwAl4GofNoHF+/HHUIBYa6bFCArlcGPi0XjC4cU1pkgF/Q=="],

    "@oxlint/binding-linux-riscv64-musl": ["@oxlint/binding-linux-riscv64-musl@1.77.0", "", { "os": "linux", "cpu": "none" }, "sha512-AyEMTUCf0xY+hHF+IxqXFQIX0yQOIR8ykpY0lJNOw9xYqOzUX8dyZfRvlG0RfXwuQn2eonf/8NrMmDSZJjdqsA=="],

    "@oxlint/binding-linux-s390x-gnu": ["@oxlint/binding-linux-s390x-gnu@1.77.0", "", { "os": "linux", "cpu": "s390x" }, "sha512-sPLzEcNvxd/oyVQ5oZo92CiHkFkpBeRop13E/P3TPY+hZfXHKCOWKI70TE2RYwMKFJDc20EMjH16L7NZICtKTw=="],

    "@oxlint/binding-linux-x64-gnu": ["@oxlint/binding-linux-x64-gnu@1.77.0", "", { "os": "linux", "cpu": "x64" }, "sha512-1Oh2ssH2L7lwyvkdSqaMUfsGfwU2Wfvew+obBUYjRVqhpBcUpwnsPSEr1IzVi9XqkuY10geiLsNKecqaZC34Dw=="],

    "@oxlint/binding-linux-x64-musl": ["@oxlint/binding-linux-x64-musl@1.77.0", "", { "os": "linux", "cpu": "x64" }, "sha512-0j/2wRgNGO+Qj/M1uu/p57h/hFTTWWcfie0ufkbabeus2s5+/QqkCflnMOwLLN5m2GsNeWp4xdl4cPa4n7QCOQ=="],

    "@oxlint/binding-openharmony-arm64": ["@oxlint/binding-openharmony-arm64@1.77.0", "", { "os": "none", "cpu": "arm64" }, "sha512-BJ/j54qS0usEnyDkLYURMj2iiD9h5Cyy+ppzeMSXBGRXaGRNWnj1Mw14NqWMR5E/PzdgB30OOCCzLzbRoduafw=="],

    "@oxlint/binding-win32-arm64-msvc": ["@oxlint/binding-win32-arm64-msvc@1.77.0", "", { "os": "win32", "cpu": "arm64" }, "sha512-Yh8w+g2Lpx7StrvtYkoz9JJvXjB9wxgFChFNb85nrXm/wj/XTwGWS1hve9+900HL7llrntYB3YP+y32E3tRqzA=="],

    "@oxlint/binding-win32-ia32-msvc": ["@oxlint/binding-win32-ia32-msvc@1.77.0", "", { "os": "win32", "cpu": "ia32" }, "sha512-zja5b7+6a7UsRFgAQSrnax5vrzliEyNPLCjfXONu/vTWswaIVZGFajJZptaeRvPE4LghtFdAzVFlexTm7MVTGA=="],

    "@oxlint/binding-win32-x64-msvc": ["@oxlint/binding-win32-x64-msvc@1.77.0", "", { "os": "win32", "cpu": "x64" }, "sha512-+teyvPDZ2RjUvo+SuCqS/UhaJl1QtdW5fWT5NJTV61V5MIuIS90Db9LixmtEGvXixyttiK62P96MSu3UlpviBw=="],

    "@quansync/fs": ["@quansync/fs@1.0.0", "", { "dependencies": { "quansync": "^1.0.0" } }, "sha512-4TJ3DFtlf1L5LDMaM6CanJ/0lckGNtJcMjQ1NAV6zDmA0tEHKZtxNKin8EgPaVX1YzljbxckyT2tJrpQKAtngQ=="],

    "@rolldown/binding-android-arm64": ["@rolldown/binding-android-arm64@1.2.3", "", { "os": "android", "cpu": "arm64" }, "sha512-zrJtHDcaZJ1Fp7xf4hNl+7seH9Cn/N5TwLYkhgXREtBwAd/jaqW3uqeHxpDugJLVICWg4eW44kOQEGJ1r6jCGw=="],

    "@rolldown/binding-darwin-arm64": ["@rolldown/binding-darwin-arm64@1.2.3", "", { "os": "darwin", "cpu": "arm64" }, "sha512-ieIiibVCp0tX7TLu2cafoNPv8wJyYi01ekXpbf8q2j7F4rGAhhXb/eQh7ge9DRBY78GwmRQtvjZDux7EDbA8kA=="],

    "@rolldown/binding-darwin-x64": ["@rolldown/binding-darwin-x64@1.2.3", "", { "os": "darwin", "cpu": "x64" }, "sha512-Zh9tCon19eDXJoihx0rqKhMUlMYqzwj3aPsSuHmI4RWZh62dWUL+DJN4C5YQya5TcQBJU/Fe8+rY0jhXTQITqA=="],

    "@rolldown/binding-freebsd-x64": ["@rolldown/binding-freebsd-x64@1.2.3", "", { "os": "freebsd", "cpu": "x64" }, "sha512-nGbJWewA1wrXXZiQhjAT5rhibGfns5ZNkDVqxsO6zJ3f3YvpoDNNmGMSbbhLuXKjNScaBJVOAboztAWVespQMg=="],

    "@rolldown/binding-linux-arm-gnueabihf": ["@rolldown/binding-linux-arm-gnueabihf@1.2.3", "", { "os": "linux", "cpu": "arm" }, "sha512-QNniJr5Kml0kDEB98jiDOJjXNroxIIi0IXIbdYzY26Xt1pVbeP62+KnoIZLwirOymX/0jDk/2gI/bNUv7A7OIw=="],

    "@rolldown/binding-linux-arm64-gnu": ["@rolldown/binding-linux-arm64-gnu@1.2.3", "", { "os": "linux", "cpu": "arm64" }, "sha512-TkqEAcmmvH3I/q4114NB4RVt6241Dao48pF45uLcFGrwAaIn0iITgTAKP/dLjbN0R4buJjGb91+UHSoFmpgIWw=="],

    "@rolldown/binding-linux-arm64-musl": ["@rolldown/binding-linux-arm64-musl@1.2.3", "", { "os": "linux", "cpu": "arm64" }, "sha512-NHqjnxpsndf4MPymxteFAWHHfkTL8HjWh1KB7z23ofZ6QO2euONuxDXjat69dKZRALnGypg8k8SsK8vZJoXv1Q=="],

    "@rolldown/binding-linux-ppc64-gnu": ["@rolldown/binding-linux-ppc64-gnu@1.2.3", "", { "os": "linux", "cpu": "ppc64" }, "sha512-6tbrbwfz5GB9DQ4Jwo6hy9v+vR31xZlvzZ6n5Xut6Hhx5PvrA9q/HsK8KMaYQp063iqZGXwNvZtYNLD7EM/x0w=="],

    "@rolldown/binding-linux-s390x-gnu": ["@rolldown/binding-linux-s390x-gnu@1.2.3", "", { "os": "linux", "cpu": "s390x" }, "sha512-oyuXxXmoZHjXC917IAPFAAv4wWAa0cM9afk8nx1+9/jNNOX1uPf8yDA6p7G0RypOfw/X0PQt5IfoquY1um+zSg=="],

    "@rolldown/binding-linux-x64-gnu": ["@rolldown/binding-linux-x64-gnu@1.2.3", "", { "os": "linux", "cpu": "x64" }, "sha512-TytMwF2KVGqP2tgd0I1OY0PAv78dZRAYcF5ssDzjM34SUXCED3uXvSd5+lHoC0bTD6eEdFz7LdQNCO1y0oVk9w=="],

    "@rolldown/binding-linux-x64-musl": ["@rolldown/binding-linux-x64-musl@1.2.3", "", { "os": "linux", "cpu": "x64" }, "sha512-/E9m3qstrJFVPoULV25mVQblSNExY2+kBsYe4sy0Tn0yOOgJ8wZbZt3KnRbF/XeU2Gl1STKUQnDNTqhIE5MD4A=="],

    "@rolldown/binding-openharmony-arm64": ["@rolldown/binding-openharmony-arm64@1.2.3", "", { "os": "none", "cpu": "arm64" }, "sha512-Kr0OcsoQI816i6HOl3vFHpd1K0eZyh76zgfj4c1nTyaTsd5r2Mj1lwM4R90y/qaCfmTn9eHy0SKwi98eitRxug=="],

    "@rolldown/binding-win32-arm64-msvc": ["@rolldown/binding-win32-arm64-msvc@1.2.3", "", { "os": "win32", "cpu": "arm64" }, "sha512-hOtMwTqnME+/gJcH/PCZ0wn0zPUjiWOgkHpxbSJpfGKMezHltx1S7/k1SitzVa7Ww2cqrDDaFbZEhcJZO8o+Jw=="],

    "@rolldown/binding-win32-x64-msvc": ["@rolldown/binding-win32-x64-msvc@1.2.3", "", { "os": "win32", "cpu": "x64" }, "sha512-ekcqMMkI2PlhYnfzQnB/cEdYUVVJViWvoUyLrbzgDoi3Snfc1mVBwdnc306ufA5ejy8JSPjT2RlW1nQSjW7efg=="],

    "@rolldown/pluginutils": ["@rolldown/pluginutils@1.0.1", "", {}, "sha512-2j9bGt5Jh8hj+vPtgzPtl72j0yRxHAyumoo6TNfAjsLB04UtpSvPbPcDcBMxz7n+9CYB0c1GxQFxYRg2jimqGw=="],

    "@sindresorhus/merge-streams": ["@sindresorhus/merge-streams@4.0.0", "", {}, "sha512-tlqY9xq5ukxTUZBmoOp+m61cqwQD5pHJtFY3Mn8CA8ps6yghLH/Hw8UPdqg4OLmFW3IFlcXnQNmo/dh8HzXYIQ=="],

    "@types/node": ["@types/node@26.2.0", "", { "dependencies": { "undici-types": "~8.3.0" } }, "sha512-5IviulTZeRNp2vAJ514cc/HUlY5nZ9fCbq9DMyC52BrhFZACo3nI0R7qBxhQmo/d27NFe96ur/b7Wwxklda+kg=="],

    "@typescript/typescript-darwin-arm64": ["@typescript/typescript-darwin-arm64@7.1.0-dev.20260807.1", "", { "os": "darwin", "cpu": "arm64" }, "sha512-t+9G1Y2TgWCVOZAZjq2iNd4cEBrAAAWO8dCmUogVCvRD/aTU3HMqkVnDqgTDxwEzN9lRhrXAM+uJfY8TObVCYA=="],

    "@typescript/typescript-darwin-x64": ["@typescript/typescript-darwin-x64@7.1.0-dev.20260807.1", "", { "os": "darwin", "cpu": "x64" }, "sha512-7yn/0ylXEuxRY5m131ryEZMzne4Glw7wFWbAB3XQ5rvPDVxOhtv8l8BwjiN4LKIU6nvm0Fa6Tl5rpT9HtE6bCQ=="],

    "@typescript/typescript-linux-arm": ["@typescript/typescript-linux-arm@7.1.0-dev.20260807.1", "", { "os": "linux", "cpu": "arm" }, "sha512-piKrbmP5sIWoJA037tMIEjGI3EuXH+DphVFF/26LjGwKFWaja06j15iK3qk378m4m2kYc0ng5Yzk0Q1jYXIwZA=="],

    "@typescript/typescript-linux-arm64": ["@typescript/typescript-linux-arm64@7.1.0-dev.20260807.1", "", { "os": "linux", "cpu": "arm64" }, "sha512-jrIyq7z4RUsq/zRG5f3miYmBSFVRPdfpjDebSDAokPYVPuVotAuWiIdSNFkS2xrpu+wM/x+yD+ycs0VxMj4v+A=="],

    "@typescript/typescript-linux-x64": ["@typescript/typescript-linux-x64@7.1.0-dev.20260807.1", "", { "os": "linux", "cpu": "x64" }, "sha512-TMS3c9kKqPOLZPoasVa8SjuhaJ8z4JduzGwt3P/yDHpzOFOPld7C7ZoIGSuHQ407mAB+Xz5RKFypdSdyW8Kz5Q=="],

    "@typescript/typescript-win32-arm64": ["@typescript/typescript-win32-arm64@7.1.0-dev.20260807.1", "", { "os": "win32", "cpu": "arm64" }, "sha512-MuyKyecHW+WlowWi9u0z56Tk1lJS2h1bA/1k3z/P5oDjhNyZyh5koluXRfhbLS7b0vhdo5hZ/WS8cOwKj3kzlw=="],

    "@typescript/typescript-win32-x64": ["@typescript/typescript-win32-x64@7.1.0-dev.20260807.1", "", { "os": "win32", "cpu": "x64" }, "sha512-W9oI2N71x9a1kvkoMOp/fidh8w74HL++MRyQP36h8byy/3upr3m/6ZlT331NEnquorpoP1BGHaTNU5tjogxO2A=="],

    "@yuku-codegen/binding-android-arm64": ["@yuku-codegen/binding-android-arm64@0.8.4", "", { "os": "android", "cpu": "arm64" }, "sha512-rsYkGl2kOkDRsh1mxriYnk1qBS78vjlBJ3+T2XwtwKwqOliy2n+2Ae0EDxJ/uX1DZLm3KkBZarGO5isEnmHchA=="],

    "@yuku-codegen/binding-darwin-arm64": ["@yuku-codegen/binding-darwin-arm64@0.8.4", "", { "os": "darwin", "cpu": "arm64" }, "sha512-tNLKzPF3FYmEcHSYvWp/LEpjHHAtDR13hwo6/gdCkYMi9x59CWn2obczKzWNe7kDor4/1AMZuJDEVRpFkTSefw=="],

    "@yuku-codegen/binding-darwin-x64": ["@yuku-codegen/binding-darwin-x64@0.8.4", "", { "os": "darwin", "cpu": "x64" }, "sha512-tK7LWzXNb5JbZpnoCNHB0nEhPFss/LwwehM6m/f0oYDan+iZgFZXzdoy80JdE7dVxjTZDIhUNPx8X8xbIdaoxA=="],

    "@yuku-codegen/binding-freebsd-x64": ["@yuku-codegen/binding-freebsd-x64@0.8.4", "", { "os": "freebsd", "cpu": "x64" }, "sha512-5MUV4d7g2p5Hd8GiXW6ynTRgYjm4Dw4eM2gaWRZ4crkGetzNx+HlPxcEfGtVNPqH5Qaa4Z2REtzdsdgvaE6/Ng=="],

    "@yuku-codegen/binding-linux-arm-gnu": ["@yuku-codegen/binding-linux-arm-gnu@0.8.4", "", { "os": "linux", "cpu": "arm" }, "sha512-g6LnHrR0Rfqq5cXs7olwR2+LlVDc876pw7Hh7YXbukVSiBxQkaxqsEO/trO25z2g99zWzgXwoYvQZ1TnwA2wEw=="],

    "@yuku-codegen/binding-linux-arm-musl": ["@yuku-codegen/binding-linux-arm-musl@0.8.4", "", { "os": "linux", "cpu": "arm" }, "sha512-7XAPHrROPEFuJWXEGZeLZQN4xR8ENQ65+HSCtCHjSzCwGgnX53GUjM9ExVcHopV0a5g4vu57v2wwtyWIM5iNOQ=="],

    "@yuku-codegen/binding-linux-arm64-gnu": ["@yuku-codegen/binding-linux-arm64-gnu@0.8.4", "", { "os": "linux", "cpu": "arm64" }, "sha512-fnBm7NLuuwFXy7F1vRIuyOc+RW9ADUjuCKVGY87Dj8jtr9XgESNrwb+B9VLSFY7nZ0rCdK/Sm1fBqJpI7eLdKQ=="],

    "@yuku-codegen/binding-linux-arm64-musl": ["@yuku-codegen/binding-linux-arm64-musl@0.8.4", "", { "os": "linux", "cpu": "arm64" }, "sha512-6vTw4ZHO9nm4SUkw36uG+UE6/qifZ0E8HIef7Mx/U/c2Zxu3JLBfXtU7U/NN2GMkDmcJkgwjXfpQoYw4Ch5Y1w=="],

    "@yuku-codegen/binding-linux-x64-gnu": ["@yuku-codegen/binding-linux-x64-gnu@0.8.4", "", { "os": "linux", "cpu": "x64" }, "sha512-+vuC3V3Lw+DB4oJgHV9pVDfQZlsZJnxmbdods7HzxgEALU3P5+czwdAcw3wfh7Ebabt0Ny8eLUb1k9RV5OB/+w=="],

    "@yuku-codegen/binding-linux-x64-musl": ["@yuku-codegen/binding-linux-x64-musl@0.8.4", "", { "os": "linux", "cpu": "x64" }, "sha512-QH60PE4eZecmgNGa1/T1cKPhrfxt6ANtu4lrQ1FZ50F9b0GS9WjGmIjrfdSUeQa+f2Iqk3oEFSJdgVHBg1KPNg=="],

    "@yuku-codegen/binding-win32-arm64": ["@yuku-codegen/binding-win32-arm64@0.8.4", "", { "os": "win32", "cpu": "arm64" }, "sha512-6r68c0nKZPIBRXZIBiD7zjlEukBR+xRxpTOVj4n1Fsjcdh4YbbJfjFfmIzdbo9jXR1xL+dPueDVdsRGOUH5MoQ=="],

    "@yuku-codegen/binding-win32-x64": ["@yuku-codegen/binding-win32-x64@0.8.4", "", { "os": "win32", "cpu": "x64" }, "sha512-i+BW77LPjNqe7Apq50J3OeEaVfga3G+eT2bKjb6bj4yO99fil/jnKb4ZDH4JLvby/Q7hRa6VicL2EZ7iS+ifzA=="],

    "@yuku-parser/binding-android-arm64": ["@yuku-parser/binding-android-arm64@0.8.4", "", { "os": "android", "cpu": "arm64" }, "sha512-+HIMmv08Zrh9ugIAEMnKBMMePOl7CDxrjc8Vui1+GG2TJHM1yI1+3wo1pnXB6Nj2IiHugDkQw8ycUI6SA2EUkQ=="],

    "@yuku-parser/binding-darwin-arm64": ["@yuku-parser/binding-darwin-arm64@0.8.4", "", { "os": "darwin", "cpu": "arm64" }, "sha512-Elf/B/2m3OsyvxoQnBk8Dtu+9csHkzBNs5Yv9GbHjT3x0kVKNWjFusyZgm41VwxcPDqdpRi8tWxNX7OqXkmf/A=="],

    "@yuku-parser/binding-darwin-x64": ["@yuku-parser/binding-darwin-x64@0.8.4", "", { "os": "darwin", "cpu": "x64" }, "sha512-CjZuMoXnL5XUkVpDqh4WDPwpAw8CwmtHHnTerGkS45So/sNuwkXdyIAEqqIZfaLopi5W/V9NApAT2md9XizjsQ=="],

    "@yuku-parser/binding-freebsd-x64": ["@yuku-parser/binding-freebsd-x64@0.8.4", "", { "os": "freebsd", "cpu": "x64" }, "sha512-ibLKORdz71iI4Vs+fyFgvwQ51P5XcxJIyQLa8cSEWqwptRdo+BTcZHIQEcZnFDPUuvmJ19RRH9CoiJdfhr7pZw=="],

    "@yuku-parser/binding-linux-arm-gnu": ["@yuku-parser/binding-linux-arm-gnu@0.8.4", "", { "os": "linux", "cpu": "arm" }, "sha512-Fo3r5fYhGDcFnl+KN+L9PgtiQPS4AIE1n1mG1o5jZ11p7g5yZ/1EjLFmSHAUsoXreun8KjTsFjEL7P1Sb93PZQ=="],

    "@yuku-parser/binding-linux-arm-musl": ["@yuku-parser/binding-linux-arm-musl@0.8.4", "", { "os": "linux", "cpu": "arm" }, "sha512-BEB31vUEgXPWf7WkoMPSzzJhpC/wWCBXyysRCCPsw47BJ/OtbQsvJbxX9fFDuSRLy3kbyIV/WbdUTgbQ9COxiw=="],

    "@yuku-parser/binding-linux-arm64-gnu": ["@yuku-parser/binding-linux-arm64-gnu@0.8.4", "", { "os": "linux", "cpu": "arm64" }, "sha512-xGLCRcHn9xVz7JVNyyKtiNJSf503qtUmih9XVSsghgzOmiKUMnHObs69OMMwXN3788tg1jsl11fNjjQlB8idMA=="],

    "@yuku-parser/binding-linux-arm64-musl": ["@yuku-parser/binding-linux-arm64-musl@0.8.4", "", { "os": "linux", "cpu": "arm64" }, "sha512-3kNRi8NJT2q6FQRVCUFHIQ99+kXdi8cVJEEUi6+xtFqpMgNrZNnbgAj28ILsDC7zmclaU+v47eUCeJoKLSCbww=="],

    "@yuku-parser/binding-linux-x64-gnu": ["@yuku-parser/binding-linux-x64-gnu@0.8.4", "", { "os": "linux", "cpu": "x64" }, "sha512-isi62oMy94Z3OXwGs2l2rkqRiRyqLmfHeTRHpA/uWZbsNhnm7IdVvkF7e7wHNKAtd5jwGzOqYSroxKv2fOm7Cw=="],

    "@yuku-parser/binding-linux-x64-musl": ["@yuku-parser/binding-linux-x64-musl@0.8.4", "", { "os": "linux", "cpu": "x64" }, "sha512-9RsEw2xYHqU/pjSRBTOupWN3sF8uz9stjJdARfz6o0llvF+yfrj5QHmTiocGGBeAI80fvKmDtr2RIQClUzAPcA=="],

    "@yuku-parser/binding-win32-arm64": ["@yuku-parser/binding-win32-arm64@0.8.4", "", { "os": "win32", "cpu": "arm64" }, "sha512-VEZHo9rEGOBKR20sA3vCO00aQvwWND5aLu7YxeX+YupMZJh9hd1f17AbClJN37Q2iL1PCHht+wDTOKX6tZYqXg=="],

    "@yuku-parser/binding-win32-x64": ["@yuku-parser/binding-win32-x64@0.8.4", "", { "os": "win32", "cpu": "x64" }, "sha512-PeH3VzN1feGjPtDpVEAqf000fPT+nxtw/696LKp/5Z9RJi/MaXpB636QC+5QtrAPSoEnIkyEe+c+mq2QLZPWBA=="],

    "@yuku-toolchain/types": ["@yuku-toolchain/types@0.8.4", "", {}, "sha512-p7JE8flrj7ijZ/qLjHi4UwKqMarMD6zumbKXhrjp2I2iLJOuTYiQyci2U36VlXcUlNyzsY7E/mLnKCHotbzJVw=="],

    "ansis": ["ansis@4.3.1", "", {}, "sha512-BJ8/l4R5LRE7hW9WdSuGYrLSHi2ynxeFpDFbH0K/CgNeY/tyhk+vO6TYxXC5r5CpUhNVX310xzPsN/H9lCdfOA=="],

    "braces": ["braces@3.0.3", "", { "dependencies": { "fill-range": "^7.1.1" } }, "sha512-yQbXgO/OSZVD2IsiLlro+7Hf6Q18EJrKSEsdoMzKePKXct3gvD8oLcOQdIzGupr5Fj+EDe8gO/lxc1BzfMpxvA=="],

    "cac": ["cac@7.0.0", "", {}, "sha512-tixWYgm5ZoOD+3g6UTea91eow5z6AAHaho3g0V9CNSNb45gM8SmflpAc+GRd1InC4AqN/07Unrgp56Y94N9hJQ=="],

    "defu": ["defu@6.1.7", "", {}, "sha512-7z22QmUWiQ/2d0KkdYmANbRUVABpZ9SNYyH5vx6PZ+nE5bcC0l7uFvEfHlyld/HcGBFTL536ClDt3DEcSlEJAQ=="],

    "dts-resolver": ["dts-resolver@3.0.0", "", { "peerDependencies": { "oxc-resolver": ">=11.0.0" }, "optionalPeers": ["oxc-resolver"] }, "sha512-1T1f+z+4tl9XD+m+0HBgWoL/nm0bOIffyWaUuUSBlFg/86IWvfx+wjNaO/ybU0AJzG9/Mi5hBUgGV6zCmWEN7Q=="],

    "empathic": ["empathic@2.0.1", "", {}, "sha512-YGRs8knHhKHVShLkFET/rWAU8kmHbOV5LwN938RHI0pljAJ1Gf6SzXsSmRaEzcXTtOOmVqJ5+WtQPL5uigY50Q=="],

    "fast-glob": ["fast-glob@3.3.3", "", { "dependencies": { "@nodelib/fs.stat": "^2.0.2", "@nodelib/fs.walk": "^1.2.3", "glob-parent": "^5.1.2", "merge2": "^1.3.0", "micromatch": "^4.0.8" } }, "sha512-7MptL8U0cqcFdzIzwOTHoilX9x5BrNqye7Z/LuC7kCMRio1EMSyqRK3BEAUD7sXRq4iT4AzTVuZdhgQ2TCvYLg=="],

    "fastq": ["fastq@1.20.1", "", { "dependencies": { "reusify": "^1.0.4" } }, "sha512-GGToxJ/w1x32s/D2EKND7kTil4n8OVk/9mycTc4VDza13lOvpUZTGX3mFSCtV9ksdGBVzvsyAVLM6mHFThxXxw=="],

    "fdir": ["fdir@6.5.0", "", { "peerDependencies": { "picomatch": "^3 || ^4" }, "optionalPeers": ["picomatch"] }, "sha512-tIbYtZbucOs0BRGqPJkshJUYdL+SDH7dVM8gjy+ERp3WAUjLEFJE+02kanyHtwjWOnwrKYBiwAmM0p4kLJAnXg=="],

    "fill-range": ["fill-range@7.1.1", "", { "dependencies": { "to-regex-range": "^5.0.1" } }, "sha512-YsGpe3WHLK8ZYi4tWDg2Jy3ebRz2rXowDxnld4bkQB00cc/1Zw9AWnC0i9ztDJitivtQvaI9KaLyKrc+hBW0yg=="],

    "get-tsconfig": ["get-tsconfig@5.0.0-beta.5", "", { "dependencies": { "resolve-pkg-maps": "^1.0.0" } }, "sha512-/6gFNr0N04nob252sTQxyFLi3eKFRqIg1I87YcqAMT1i6SQrSF6KujUEQrtrjMV0H/eejTCltLdDSTEMzHbnsQ=="],

    "glob-parent": ["glob-parent@5.1.2", "", { "dependencies": { "is-glob": "^4.0.1" } }, "sha512-AOIgSQCepiJYwP3ARnGx+5VnTu2HBYdzbGP45eLw1vr3zB3vZLeyed1sC9hnbcOc9/SrMyM5RPQrkGz4aS9Zow=="],

    "globby": ["globby@16.2.3", "", { "dependencies": { "@sindresorhus/merge-streams": "^4.0.0", "fast-glob": "^3.3.3", "ignore": "^7.0.5", "is-path-inside": "^4.0.0", "slash": "^5.1.0", "unicorn-magic": "^0.4.0" } }, "sha512-VZX7TV7jmd/pn71vdnLKtgwy1IWqc3KjI9x1/UtPkwoKk5fKrNLY30ltDe3cAM5xruIN7YuuaulFt133jRrKZg=="],

    "hookable": ["hookable@6.1.1", "", {}, "sha512-U9LYDy1CwhMCnprUfeAZWZGByVbhd54hwepegYTK7Pi5NvqEj63ifz5z+xukznehT7i6NIZRu89Ay1AZmRsLEQ=="],

    "ignore": ["ignore@7.0.6", "", {}, "sha512-BAg6QkE8W+TuQLrrw0Ugr7HegXduRuuj8/ti2kSOc+jz1dmx8/WNcjr6XGnq5YpDWxFwwaavqD0+jIUOKelTsw=="],

    "import-without-cache": ["import-without-cache@0.4.0", "", {}, "sha512-NkJQA7oZ4YHQhd2+H3BoRFKF3d/XNsiKpHZCQEMH9pDX27hQQLsTyOocyRgaIVtf8gHX3Nt3LPkR4e5EdtPAGQ=="],

    "is-extglob": ["is-extglob@2.1.1", "", {}, "sha512-SbKbANkN603Vi4jEZv49LeVJMn4yGwsbzZworEoyEiutsN3nJYdbO36zfhGJ6QEDpOZIFkDtnq5JRxmvl3jsoQ=="],

    "is-glob": ["is-glob@4.0.3", "", { "dependencies": { "is-extglob": "^2.1.1" } }, "sha512-xelSayHH36ZgE7ZWhli7pW34hNbNl8Ojv5KVmkJD4hBdD3th8Tfk9vYasLM+mXWOZhFkgZfxhLSnrwRr4elSSg=="],

    "is-number": ["is-number@7.0.0", "", {}, "sha512-41Cifkg6e8TylSpdtTpeLVMqvSBEVzTttHvERD741+pnZ8ANv0004MRL43QKPDlK9cGvNp6NZWZUBlbGXYxxng=="],

    "is-path-inside": ["is-path-inside@4.0.0", "", {}, "sha512-lJJV/5dYS+RcL8uQdBDW9c9uWFLLBNRyFhnAKXw5tVqLlKZ4RMGZKv+YQ/IA3OhD+RpbJa1LLFM1FQPGyIXvOA=="],

    "merge2": ["merge2@1.4.1", "", {}, "sha512-8q7VEgMJW4J8tcfVPy8g09NcQwZdbwFEqhe/WZkoIzjn/3TGDwtOCYtXGxA3O8tPzpczCCDgv+P2P5y00ZJOOg=="],

    "micromatch": ["micromatch@4.0.8", "", { "dependencies": { "braces": "^3.0.3", "picomatch": "^2.3.1" } }, "sha512-PXwfBhYu0hBCPw8Dn0E+WDYb7af3dSLVWKi3HGv84IdF4TyFoC0ysxFd0Goxw7nSv4T/PzEJQxsYsEiFCKo2BA=="],

    "obug": ["obug@2.1.4", "", {}, "sha512-4a+OsYv9UktOJKE+l1A4OufDgdRF9PifWj+tJnHURo/P+WOxpG4GzUFL9qCalmWauao6ogiG+QvnCovwPoyAWA=="],

    "oxfmt": ["oxfmt@0.62.0", "", { "dependencies": { "tinypool": "2.1.0" }, "optionalDependencies": { "@oxfmt/binding-android-arm-eabi": "0.62.0", "@oxfmt/binding-android-arm64": "0.62.0", "@oxfmt/binding-darwin-arm64": "0.62.0", "@oxfmt/binding-darwin-x64": "0.62.0", "@oxfmt/binding-freebsd-x64": "0.62.0", "@oxfmt/binding-linux-arm-gnueabihf": "0.62.0", "@oxfmt/binding-linux-arm-musleabihf": "0.62.0", "@oxfmt/binding-linux-arm64-gnu": "0.62.0", "@oxfmt/binding-linux-arm64-musl": "0.62.0", "@oxfmt/binding-linux-ppc64-gnu": "0.62.0", "@oxfmt/binding-linux-riscv64-gnu": "0.62.0", "@oxfmt/binding-linux-riscv64-musl": "0.62.0", "@oxfmt/binding-linux-s390x-gnu": "0.62.0", "@oxfmt/binding-linux-x64-gnu": "0.62.0", "@oxfmt/binding-linux-x64-musl": "0.62.0", "@oxfmt/binding-openharmony-arm64": "0.62.0", "@oxfmt/binding-win32-arm64-msvc": "0.62.0", "@oxfmt/binding-win32-ia32-msvc": "0.62.0", "@oxfmt/binding-win32-x64-msvc": "0.62.0" }, "peerDependencies": { "svelte": "^5.0.0", "vite-plus": "*" }, "optionalPeers": ["svelte", "vite-plus"], "bin": { "oxfmt": "bin/oxfmt" } }, "sha512-vxgGHTmnDU9j4CX7dDBLzxgmHxfda/yPcgJkGCMUSCwRmz+euo/V08xXLNgXTeqAB9Fhf3Pe2nO1RNKLCVgphQ=="],

    "oxlint": ["oxlint@1.77.0", "", { "optionalDependencies": { "@oxlint/binding-android-arm-eabi": "1.77.0", "@oxlint/binding-android-arm64": "1.77.0", "@oxlint/binding-darwin-arm64": "1.77.0", "@oxlint/binding-darwin-x64": "1.77.0", "@oxlint/binding-freebsd-x64": "1.77.0", "@oxlint/binding-linux-arm-gnueabihf": "1.77.0", "@oxlint/binding-linux-arm-musleabihf": "1.77.0", "@oxlint/binding-linux-arm64-gnu": "1.77.0", "@oxlint/binding-linux-arm64-musl": "1.77.0", "@oxlint/binding-linux-ppc64-gnu": "1.77.0", "@oxlint/binding-linux-riscv64-gnu": "1.77.0", "@oxlint/binding-linux-riscv64-musl": "1.77.0", "@oxlint/binding-linux-s390x-gnu": "1.77.0", "@oxlint/binding-linux-x64-gnu": "1.77.0", "@oxlint/binding-linux-x64-musl": "1.77.0", "@oxlint/binding-openharmony-arm64": "1.77.0", "@oxlint/binding-win32-arm64-msvc": "1.77.0", "@oxlint/binding-win32-ia32-msvc": "1.77.0", "@oxlint/binding-win32-x64-msvc": "1.77.0" }, "peerDependencies": { "oxlint-tsgolint": ">=7.0.2001", "vite-plus": "*" }, "optionalPeers": ["oxlint-tsgolint", "vite-plus"], "bin": { "oxlint": "bin/oxlint" } }, "sha512-qnGh8XJHaQ0dprrDXNQZgS0FgjI6v+V3+X8DwmaV++5Aamy6jGKfDdQ1TUvhUxtmKFAbEf4/WeO5QZX+5WSngg=="],

    "p-limit": ["p-limit@7.3.1", "", { "dependencies": { "yocto-queue": "^1.2.1" } }, "sha512-0trZaiG7Y7kN/Egy9a8j47t9osC0Tch4PaIWd9yGF6bvmlk7muExRvGNYb8sXBwEKMoNKsbNN9P8EefuQekE4Q=="],

    "picomatch": ["picomatch@4.0.5", "", {}, "sha512-RvwwcruNjI1ncT5xRakeyS9Lf8lcItv34KD+aif+VH9kduAyfYBipGh12274xtenIPZ119/R9BdTBa8gAwSh0A=="],

    "quansync": ["quansync@1.0.0", "", {}, "sha512-5xZacEEufv3HSTPQuchrvV6soaiACMFnq1H8wkVioctoH3TRha9Sz66lOxRwPK/qZj7HPiSveih9yAyh98gvqA=="],

    "queue-microtask": ["queue-microtask@1.2.3", "", {}, "sha512-NuaNSa6flKT5JaSYQzJok04JzTL1CA6aGhv5rfLW3PgqA+M2ChpZQnAC8h8i4ZFkBS8X5RqkDBHA7r4hej3K9A=="],

    "resolve-pkg-maps": ["resolve-pkg-maps@1.0.0", "", {}, "sha512-seS2Tj26TBVOC2NIc2rOe2y2ZO7efxITtLZcGSOnHHNOQ7CkiUBfw0Iw2ck6xkIhPwLhKNLS8BO+hEpngQlqzw=="],

    "reusify": ["reusify@1.1.0", "", {}, "sha512-g6QUff04oZpHs0eG5p83rFLhHeV00ug/Yf9nZM6fLeUrPguBTkTQOdpAWWspMh55TZfVQDPaN3NQJfbVRAxdIw=="],

    "rolldown": ["rolldown@1.2.3", "", { "dependencies": { "@oxc-project/types": "=0.143.0", "@rolldown/pluginutils": "^1.0.0" }, "optionalDependencies": { "@rolldown/binding-android-arm64": "1.2.3", "@rolldown/binding-darwin-arm64": "1.2.3", "@rolldown/binding-darwin-x64": "1.2.3", "@rolldown/binding-freebsd-x64": "1.2.3", "@rolldown/binding-linux-arm-gnueabihf": "1.2.3", "@rolldown/binding-linux-arm64-gnu": "1.2.3", "@rolldown/binding-linux-arm64-musl": "1.2.3", "@rolldown/binding-linux-ppc64-gnu": "1.2.3", "@rolldown/binding-linux-s390x-gnu": "1.2.3", "@rolldown/binding-linux-x64-gnu": "1.2.3", "@rolldown/binding-linux-x64-musl": "1.2.3", "@rolldown/binding-openharmony-arm64": "1.2.3", "@rolldown/binding-win32-arm64-msvc": "1.2.3", "@rolldown/binding-win32-x64-msvc": "1.2.3" }, "bin": { "rolldown": "./bin/cli.mjs" } }, "sha512-rn9wpmxplLf7NLNyCk9FyWh3FM43DbY8jOzCdEPzH7uflhTftRbCEpqi6Ly2osgoU8OwObtmavMbWLaWy4LX7A=="],

    "rolldown-plugin-dts": ["rolldown-plugin-dts@0.27.14", "", { "dependencies": { "dts-resolver": "^3.0.0", "get-tsconfig": "5.0.0-beta.5", "obug": "^2.1.4", "yuku-ast": "^0.8.0", "yuku-codegen": "^0.8.0", "yuku-parser": "^0.8.0" }, "peerDependencies": { "@typescript/native-preview": "*", "@volar/typescript": "~2.4.0", "rolldown": "^1.0.0", "typescript": "^5.0.0 || ^6.0.0 || ~7.0.0", "vue-tsc": "~3.2.0 || ~3.3.0" }, "optionalPeers": ["@typescript/native-preview", "@volar/typescript", "typescript", "vue-tsc"] }, "sha512-ZvuDDwoIpRK9RPxDXratCpklFO9QZZWndf/sd0VBFb4LEj0jj07UcHK9OCh7V4XiFz2Z89ziyBC2K6tJiDjrbw=="],

    "run-parallel": ["run-parallel@1.2.0", "", { "dependencies": { "queue-microtask": "^1.2.2" } }, "sha512-5l4VyZR86LZ/lDxZTR6jqL8AFE2S0IFLMP26AbjsLVADxHdhB/c0GUsH+y39UfCi3dzz8OlQuPmnaJOMoDHQBA=="],

    "slash": ["slash@5.1.0", "", {}, "sha512-ZA6oR3T/pEyuqwMgAKT0/hAv8oAXckzbkmR0UkUosQ+Mc4RxGoJkRmwHgHufaenlyAgE1Mxgpdcrf75y6XcnDg=="],

    "tinybench": ["tinybench@6.1.2", "", {}, "sha512-REdMxUreK3VSUeWcLd5+ijUGNKFyHT8s1trKmYEE/tlYE6ggdOkFOlKba/vI/l1fIqh/NTEEr1Cyw4AwttOicA=="],

    "tinyexec": ["tinyexec@1.3.0", "", {}, "sha512-QKAl9m8gWWGHV8jZcPeym6j+XULi6tOf1mT83WYJ4Lk2ytW/uwAWkrP0uFsdoYMdueVJ0qs26wZ+23xeB4ibNQ=="],

    "tinyglobby": ["tinyglobby@0.2.17", "", { "dependencies": { "fdir": "^6.5.0", "picomatch": "^4.0.4" } }, "sha512-wXR/dYpcqKmfWpEdZjiKJOwCNFndD0DMnrW/cYjVGttEkBfVgcLFHoNrlj47mjOVic9yyNu65alsgF4NQyTa2g=="],

    "tinypool": ["tinypool@2.1.0", "", {}, "sha512-Pugqs6M0m7Lv1I7FtxN4aoyToKg1C4tu+/381vH35y8oENM/Ai7f7C4StcoK4/+BSw9ebcS8jRiVrORFKCALLw=="],

    "to-regex-range": ["to-regex-range@5.0.1", "", { "dependencies": { "is-number": "^7.0.0" } }, "sha512-65P7iz6X5yEr1cwcgvQxbbIw7Uk3gOy5dIdtZ4rDveLqhrdJP+Li/Hx6tyK0NEb+2GCyneCMJiGqrADCSNk8sQ=="],

    "tree-kill": ["tree-kill@1.2.2", "", { "bin": { "tree-kill": "cli.js" } }, "sha512-L0Orpi8qGpRG//Nd+H90vFB+3iHnue1zSSGmNOOCh1GLJ7rUKVwV2HvijphGQS2UmhUZewS9VgvxYIdgr+fG1A=="],

    "tsdown": ["tsdown@0.22.14", "", { "dependencies": { "ansis": "^4.3.1", "cac": "^7.0.0", "defu": "^6.1.7", "empathic": "^2.0.1", "hookable": "^6.1.1", "import-without-cache": "^0.4.0", "obug": "^2.1.4", "picomatch": "^4.0.5", "rolldown": "~1.2.0", "rolldown-plugin-dts": "^0.27.13", "tinyexec": "^1.2.4", "tinyglobby": "^0.2.17", "tree-kill": "^1.2.2", "unconfig-core": "^7.5.0", "verkit": "^0.3.0" }, "peerDependencies": { "@arethetypeswrong/core": "^0.18.1", "@tsdown/css": "0.22.14", "@tsdown/exe": "0.22.14", "@vitejs/devtools": "*", "publint": "^0.3.8", "tsx": "*", "typescript": "^5.0.0 || ^6.0.0 || ^7.0.0", "unplugin-unused": "^0.5.0", "unrun": "*" }, "optionalPeers": ["@arethetypeswrong/core", "@tsdown/css", "@tsdown/exe", "@vitejs/devtools", "publint", "tsx", "typescript", "unplugin-unused", "unrun"], "bin": { "tsdown": "./dist/run.mjs" } }, "sha512-ule7Y+fsAN2iZbLDoo7C4KYljFJNJJ+fLshyn+9gozeTspVersWHxwdGB+Dm2hzA38s6muFnUTl0jK3vJm9ifQ=="],

    "typescript": ["typescript@7.1.0-dev.20260807.1", "", { "optionalDependencies": { "@typescript/typescript-darwin-arm64": "7.1.0-dev.20260807.1", "@typescript/typescript-darwin-x64": "7.1.0-dev.20260807.1", "@typescript/typescript-linux-arm": "7.1.0-dev.20260807.1", "@typescript/typescript-linux-arm64": "7.1.0-dev.20260807.1", "@typescript/typescript-linux-x64": "7.1.0-dev.20260807.1", "@typescript/typescript-win32-arm64": "7.1.0-dev.20260807.1", "@typescript/typescript-win32-x64": "7.1.0-dev.20260807.1" }, "bin": { "tsc": "bin/tsc" } }, "sha512-K00a7PJvUoJCurJYRenixYYvQovS5kLLsYv8zUmfZgl1rgV6jMhPlYBFaQ/y6Ofsi6szDGGZnsvDAf2vtSLOFg=="],

    "unconfig-core": ["unconfig-core@7.5.0", "", { "dependencies": { "@quansync/fs": "^1.0.0", "quansync": "^1.0.0" } }, "sha512-Su3FauozOGP44ZmKdHy2oE6LPjk51M/TRRjHv2HNCWiDvfvCoxC2lno6jevMA91MYAdCdwP05QnWdWpSbncX/w=="],

    "undici-types": ["undici-types@8.3.0", "", {}, "sha512-j375ScV60dom+YkPFIfTLcOiPxkN/buHz5GobjLhixFuANaNs3C9l4GmrWqejgXWJ7BbJcFYpTEUkS1Ge8bpZQ=="],

    "unicorn-magic": ["unicorn-magic@0.4.0", "", {}, "sha512-wH590V9VNgYH9g3lH9wWjTrUoKsjLF6sGLjhR4sH1LWpLmCOH0Zf7PukhDA8BiS7KHe4oPNkcTHqYkj7SOGUOw=="],

    "verkit": ["verkit@0.3.2", "", {}, "sha512-zj/ob3UsvJGN0whEAKFp53REA5X66hvffVqoCtVQAakJKnKlH+/PcOfMoFwIG/o4rElqLv/ycAFlx8ZlXUorCg=="],

    "yocto-queue": ["yocto-queue@1.2.2", "", {}, "sha512-4LCcse/U2MHZ63HAJVE+v71o7yOdIe4cZ70Wpf8D/IyjDKYQLV5GD46B+hSTjJsvV5PztjvHoU580EftxjDZFQ=="],

    "yuku-ast": ["yuku-ast@0.8.4", "", { "dependencies": { "@yuku-toolchain/types": "^0.8.4" } }, "sha512-s7EWfWIQkaGmsGnyr/BU0jli9YTN5TvrKIsSmALyRD9elumDQInuhv0BrVObENKVCxr9W3Ikmnx5u02KvfuUmw=="],

    "yuku-codegen": ["yuku-codegen@0.8.4", "", { "dependencies": { "@yuku-toolchain/types": "^0.8.4" }, "optionalDependencies": { "@yuku-codegen/binding-android-arm64": "0.8.4", "@yuku-codegen/binding-darwin-arm64": "0.8.4", "@yuku-codegen/binding-darwin-x64": "0.8.4", "@yuku-codegen/binding-freebsd-x64": "0.8.4", "@yuku-codegen/binding-linux-arm-gnu": "0.8.4", "@yuku-codegen/binding-linux-arm-musl": "0.8.4", "@yuku-codegen/binding-linux-arm64-gnu": "0.8.4", "@yuku-codegen/binding-linux-arm64-musl": "0.8.4", "@yuku-codegen/binding-linux-x64-gnu": "0.8.4", "@yuku-codegen/binding-linux-x64-musl": "0.8.4", "@yuku-codegen/binding-win32-arm64": "0.8.4", "@yuku-codegen/binding-win32-x64": "0.8.4" } }, "sha512-1Rw+NYcmB1xkHAWlsIpbwIv/Fr50idtEbLf7OjDA+90dny6PM4Krz7Fs0TT+w2PBdjaldZpN4ye5wR4Dhlm8vA=="],

    "yuku-parser": ["yuku-parser@0.8.4", "", { "dependencies": { "@yuku-toolchain/types": "^0.8.4", "yuku-ast": "^0.8.4" }, "optionalDependencies": { "@yuku-parser/binding-android-arm64": "0.8.4", "@yuku-parser/binding-darwin-arm64": "0.8.4", "@yuku-parser/binding-darwin-x64": "0.8.4", "@yuku-parser/binding-freebsd-x64": "0.8.4", "@yuku-parser/binding-linux-arm-gnu": "0.8.4", "@yuku-parser/binding-linux-arm-musl": "0.8.4", "@yuku-parser/binding-linux-arm64-gnu": "0.8.4", "@yuku-parser/binding-linux-arm64-musl": "0.8.4", "@yuku-parser/binding-linux-x64-gnu": "0.8.4", "@yuku-parser/binding-linux-x64-musl": "0.8.4", "@yuku-parser/binding-win32-arm64": "0.8.4", "@yuku-parser/binding-win32-x64": "0.8.4" } }, "sha512-sw41wouvT5rUmLIp87hmvm5vtF+MRSI3x6yjq6xqpYmtkQj+Ht6N7xRQ8lMhLv8N7JAzughGj0Rfi0jQRSu9HQ=="],

    "micromatch/picomatch": ["picomatch@2.3.2", "", {}, "sha512-V7+vQEJ06Z+c5tSye8S+nHUfI51xoXIXjHQ99cQtKUkQqqO1kO/KCJUfZXuB47h/YBlDhah2H3hdUGXn8ie0oA=="],
  }
}
